
Microsoft Visual Studio Solution File, Format Version 12.00
# Visual Studio Version 17
VisualStudioVersion = 17.8.34322.80
MinimumVisualStudioVersion = 10.0.40219.1
Project("{FAE04EC0-301F-11D3-BF4B-00C04F79EFBC}") = "SchoolManagement", "SchoolManagement\SchoolManagement.csproj", "{DC5E1DAF-EFB3-4EFF-91EF-243EEB28C35E}"
EndProject
Global
	GlobalSection(SolutionConfigurationPlatforms) = preSolution
		Debug|Any CPU = Debug|Any CPU
		Release|Any CPU = Release|Any CPU
	EndGlobalSection
	GlobalSection(ProjectConfigurationPlatforms) = postSolution
		{DC5E1DAF-EFB3-4EFF-91EF-243EEB28C35E}.Debug|Any CPU.ActiveCfg = Debug|Any CPU
		{DC5E1DAF-EFB3-4EFF-91EF-243EEB28C35E}.Debug|Any CPU.Build.0 = Debug|Any CPU
		{DC5E1DAF-EFB3-4EFF-91EF-243EEB28C35E}.Release|Any CPU.ActiveCfg = Release|Any CPU
		{DC5E1DAF-EFB3-4EFF-91EF-243EEB28C35E}.Release|Any CPU.Build.0 = Release|Any CPU
	EndGlobalSection
	GlobalSection(SolutionProperties) = preSolution
		HideSolutionNode = FALSE
	EndGlobalSection
	GlobalSection(ExtensibilityGlobals) = postSolution
		SolutionGuid = {57636F4E-7128-44EA-8094-3EF558017BA6}
	EndGlobalSection
EndGlobal
